dependencies:
  espressif/esp_new_jpeg:
    component_hash: e1e7e6991193c41ed6c9fc386702aa7821433319e7aa9c3147cd3236310cd69c
    dependencies: []
    source:
      registry_url: https://components.espressif.com/
      type: service
    targets:
    - esp32
    - esp32s2
    - esp32s3
    - esp32s31
    - esp32p4
    - esp32c2
    - esp32c3
    - esp32c5
    - esp32c6
    - esp32c61
    - esp32h4
    version: 1.0.2
  idf:
    source:
      type: idf
    version: 5.5.4
direct_dependencies:
- espressif/esp_new_jpeg
- idf
manifest_hash: 0413001d94d643d0032d03465df14b38a9db6f15d7a9c8b197a27bc1ab002af7
target: esp32p4
version: 2.0.0
